
Microsoft Visual Studio Solution File, Format Version 12.00
# Visual Studio Version 17
VisualStudioVersion = 17.5.002.0
MinimumVisualStudioVersion = 10.0.40219.1
Project("{9A19103F-16F7-4668-BE54-9A1E7A4F7556}") = "Mfrc522_dotnet_sample", "Mfrc522_dotnet_sample.csproj", "{559765C5-86DF-4C69-8310-2FBF9D63324F}"
EndProject
Global
	GlobalSection(SolutionConfigurationPlatforms) = preSolution
		Debug|Any CPU = Debug|Any CPU
		Release|Any CPU = Release|Any CPU
	EndGlobalSection
	GlobalSection(ProjectConfigurationPlatforms) = postSolution
		{559765C5-86DF-4C69-8310-2FBF9D63324F}.Debug|Any CPU.ActiveCfg = Debug|Any CPU
		{559765C5-86DF-4C69-8310-2FBF9D63324F}.Debug|Any CPU.Build.0 = Debug|Any CPU
		{559765C5-86DF-4C69-8310-2FBF9D63324F}.Release|Any CPU.ActiveCfg = Release|Any CPU
		{559765C5-86DF-4C69-8310-2FBF9D63324F}.Release|Any CPU.Build.0 = Release|Any CPU
	EndGlobalSection
	GlobalSection(SolutionProperties) = preSolution
		HideSolutionNode = FALSE
	EndGlobalSection
	GlobalSection(ExtensibilityGlobals) = postSolution
		SolutionGuid = {4090F402-D154-45BE-B64B-50949660FA2A}
	EndGlobalSection
EndGlobal
